// !$*UTF8*$!
{
	archiveVersion = 1;
	classes = {
	};
	objectVersion = 46;
	objects = {

/* Begin PBXBuildFile section */
		784A7F631CD8DC7200BC011B /* main.m in Sources */ = {isa = PBXBuildFile; fileRef = 784A7F621CD8DC7200BC011B /* main.m */; };
		784A7F661CD8DC7200BC011B /* AppDelegate.m in Sources */ = {isa = PBXBuildFile; fileRef = 784A7F651CD8DC7200BC011B /* AppDelegate.m */; };
		784A7F691CD8DC7200BC011B /* ViewController.m in Sources */ = {isa = PBXBuildFile; fileRef = 784A7F681CD8DC7200BC011B /* ViewController.m */; };
		784A7F6C1CD8DC7200BC011B /* Main.storyboard in Resources */ = {isa = PBXBuildFile; fileRef = 784A7F6A1CD8DC7200BC011B /* Main.storyboard */; };
		784A7F6E1CD8DC7200BC011B /* Assets.xcassets in Resources */ = {isa = PBXBuildFile; fileRef = 784A7F6D1CD8DC7200BC011B /* Assets.xcassets */; };
		784A7F711CD8DC7200BC011B /* LaunchScreen.storyboard in Resources */ = {isa = PBXBuildFile; fileRef = 784A7F6F1CD8DC7200BC011B /* LaunchScreen.storyboard */; };
		784A7F7C1CD8DC7200BC011B /* LPSegmentDemoTests.m in Sources */ = {isa = PBXBuildFile; fileRef = 784A7F7B1CD8DC7200BC011B /* LPSegmentDemoTests.m */; };
		784A7F871CD8DC7200BC011B /* LPSegmentDemoUITests.m in Sources */ = {isa = PBXBuildFile; fileRef = 784A7F861CD8DC7200BC011B /* LPSegmentDemoUITests.m */; };
		784A7F9A1CD8E1FF00BC011B /* LPSegmentView.m in Sources */ = {isa = PBXBuildFile; fileRef = 784A7F991CD8E1FF00BC011B /* LPSegmentView.m */; };
/* End PBXBuildFile section */

/* Begin PBXContainerItemProxy section */
		784A7F781CD8DC7200BC011B /* PBXContainerItemProxy */ = {
			isa = PBXContainerItemProxy;
			containerPortal = 784A7F561CD8DC7200BC011B /* Project object */;
			proxyType = 1;
			remoteGlobalIDString = 784A7F5D1CD8DC7200BC011B;
			remoteInfo = LPSegmentDemo;
		};
		784A7F831CD8DC7200BC011B /* PBXContainerItemProxy */ = {
			isa = PBXContainerItemProxy;
			containerPortal = 784A7F561CD8DC7200BC011B /* Project object */;
			proxyType = 1;
			remoteGlobalIDString = 784A7F5D1CD8DC7200BC011B;
			remoteInfo = LPSegmentDemo;
		};
/* End PBXContainerItemProxy section */

/* Begin PBXFileReference section */
		784A7F5E1CD8DC7200BC011B /* LPSegmentDemo.app */ = {isa = PBXFileReference; explicitFileType = wrapper.application; includeInIndex = 0; path = LPSegmentDemo.app; sourceTree = BUILT_PRODUCTS_DIR; };
		784A7F621CD8DC7200BC011B /* main.m */ = {isa = PBXFileReference; lastKnownFileType = sourcecode.c.objc; path = main.m; sourceTree = "<group>"; };
		784A7F641CD8DC7200BC011B /* AppDelegate.h */ = {isa = PBXFileReference; lastKnownFileType = sourcecode.c.h; path = AppDelegate.h; sourceTree = "<group>"; };
		784A7F651CD8DC7200BC011B /* AppDelegate.m */ = {isa = PBXFileReference; lastKnownFileType = sourcecode.c.objc; path = AppDelegate.m; sourceTree = "<group>"; };
		784A7F671CD8DC7200BC011B /* ViewController.h */ = {isa = PBXFileReference; lastKnownFileType = sourcecode.c.h; path = ViewController.h; sourceTree = "<group>"; };
		784A7F681CD8DC7200BC011B /* ViewController.m */ = {isa = PBXFileReference; lastKnownFileType = sourcecode.c.objc; path = ViewController.m; sourceTree = "<group>"; };
		784A7F6B1CD8DC7200BC011B /* Base */ = {isa = PBXFileReference; lastKnownFileType = file.storyboard; name = Base; path = Base.lproj/Main.storyboard; sourceTree = "<group>"; };
		784A7F6D1CD8DC7200BC011B /* Assets.xcassets */ = {isa = PBXFileReference; lastKnownFileType = folder.assetcatalog; path = Assets.xcassets; sourceTree = "<group>"; };
		784A7F701CD8DC7200BC011B /* Base */ = {isa = PBXFileReference; lastKnownFileType = file.storyboard; name = Base; path = Base.lproj/LaunchScreen.storyboard; sourceTree = "<group>"; };
		784A7F721CD8DC7200BC011B /* Info.plist */ = {isa = PBXFileReference; lastKnownFileType = text.plist.xml; path = Info.plist; sourceTree = "<group>"; };
		784A7F771CD8DC7200BC011B /* LPSegmentDemoTests.xctest */ = {isa = PBXFileReference; explicitFileType = wrapper.cfbundle; includeInIndex = 0; path = LPSegmentDemoTests.xctest; sourceTree = BUILT_PRODUCTS_DIR; };
		784A7F7B1CD8DC7200BC011B /* LPSegmentDemoTests.m */ = {isa = PBXFileReference; lastKnownFileType = sourcecode.c.objc; path = LPSegmentDemoTests.m; sourceTree = "<group>"; };
		784A7F7D1CD8DC7200BC011B /* Info.plist */ = {isa = PBXFileReference; lastKnownFileType = text.plist.xml; path = Info.plist; sourceTree = "<group>"; };
		784A7F821CD8DC7200BC011B /* LPSegmentDemoUITests.xctest */ = {isa = PBXFileReference; explicitFileType = wrapper.cfbundle; includeInIndex = 0; path = LPSegmentDemoUITests.xctest; sourceTree = BUILT_PRODUCTS_DIR; };
		784A7F861CD8DC7200BC011B /* LPSegmentDemoUITests.m */ = {isa = PBXFileReference; lastKnownFileType = sourcecode.c.objc; path = LPSegmentDemoUITests.m; sourceTree = "<group>"; };
		784A7F881CD8DC7200BC011B /* Info.plist */ = {isa = PBXFileReference; lastKnownFileType = text.plist.xml; path = Info.plist; sourceTree = "<group>"; };
		784A7F981CD8E1FF00BC011B /* LPSegmentView.h */ = {isa = PBXFileReference; fileEncoding = 4; lastKnownFileType = sourcecode.c.h; path = LPSegmentView.h; sourceTree = "<group>"; };
		784A7F991CD8E1FF00BC011B /* LPSegmentView.m */ = {isa = PBXFileReference; fileEncoding = 4; lastKnownFileType = sourcecode.c.objc; path = LPSegmentView.m; sourceTree = "<group>"; };
/* End PBXFileReference section */

/* Begin PBXFrameworksBuildPhase section */
		784A7F5B1CD8DC7200BC011B /* Frameworks */ = {
			isa = PBXFrameworksBuildPhase;
			buildActionMask = 2147483647;
			files = (
			);
			runOnlyForDeploymentPostprocessing = 0;
		};
		784A7F741CD8DC7200BC011B /* Frameworks */ = {
			isa = PBXFrameworksBuildPhase;
			buildActionMask = 2147483647;
			files = (
			);
			runOnlyForDeploymentPostprocessing = 0;
		};
		784A7F7F1CD8DC7200BC011B /* Frameworks */ = {
			isa = PBXFrameworksBuildPhase;
			buildActionMask = 2147483647;
			files = (
			);
			runOnlyForDeploymentPostprocessing = 0;
		};
/* End PBXFrameworksBuildPhase section */

/* Begin PBXGroup section */
		784A7F551CD8DC7200BC011B = {
			isa = PBXGroup;
			children = (
				784A7F601CD8DC7200BC011B /* LPSegmentDemo */,
				784A7F7A1CD8DC7200BC011B /* LPSegmentDemoTests */,
				784A7F851CD8DC7200BC011B /* LPSegmentDemoUITests */,
				784A7F5F1CD8DC7200BC011B /* Products */,
			);
			sourceTree = "<group>";
		};
		784A7F5F1CD8DC7200BC011B /* Products */ = {
			isa = PBXGroup;
			children = (
				784A7F5E1CD8DC7200BC011B /* LPSegmentDemo.app */,
				784A7F771CD8DC7200BC011B /* LPSegmentDemoTests.xctest */,
				784A7F821CD8DC7200BC011B /* LPSegmentDemoUITests.xctest */,
			);
			name = Products;
			sourceTree = "<group>";
		};
		784A7F601CD8DC7200BC011B /* LPSegmentDemo */ = {
			isa = PBXGroup;
			children = (
				784A7F961CD8DD1500BC011B /* Sections */,
				784A7F941CD8DCCC00BC011B /* Others */,
				784A7F951CD8DCD700BC011B /* Resources */,
				784A7F611CD8DC7200BC011B /* Supporting Files */,
			);
			path = LPSegmentDemo;
			sourceTree = "<group>";
		};
		784A7F611CD8DC7200BC011B /* Supporting Files */ = {
			isa = PBXGroup;
			children = (
				784A7F621CD8DC7200BC011B /* main.m */,
			);
			name = "Supporting Files";
			sourceTree = "<group>";
		};
		784A7F7A1CD8DC7200BC011B /* LPSegmentDemoTests */ = {
			isa = PBXGroup;
			children = (
				784A7F7B1CD8DC7200BC011B /* LPSegmentDemoTests.m */,
				784A7F7D1CD8DC7200BC011B /* Info.plist */,
			);
			path = LPSegmentDemoTests;
			sourceTree = "<group>";
		};
		784A7F851CD8DC7200BC011B /* LPSegmentDemoUITests */ = {
			isa = PBXGroup;
			children = (
				784A7F861CD8DC7200BC011B /* LPSegmentDemoUITests.m */,
				784A7F881CD8DC7200BC011B /* Info.plist */,
			);
			path = LPSegmentDemoUITests;
			sourceTree = "<group>";
		};
		784A7F941CD8DCCC00BC011B /* Others */ = {
			isa = PBXGroup;
			children = (
				784A7F641CD8DC7200BC011B /* AppDelegate.h */,
				784A7F651CD8DC7200BC011B /* AppDelegate.m */,
				784A7F671CD8DC7200BC011B /* ViewController.h */,
				784A7F681CD8DC7200BC011B /* ViewController.m */,
			);
			name = Others;
			sourceTree = "<group>";
		};
		784A7F951CD8DCD700BC011B /* Resources */ = {
			isa = PBXGroup;
			children = (
				784A7F6A1CD8DC7200BC011B /* Main.storyboard */,
				784A7F6D1CD8DC7200BC011B /* Assets.xcassets */,
				784A7F6F1CD8DC7200BC011B /* LaunchScreen.storyboard */,
				784A7F721CD8DC7200BC011B /* Info.plist */,
			);
			name = Resources;
			sourceTree = "<group>";
		};
		784A7F961CD8DD1500BC011B /* Sections */ = {
			isa = PBXGroup;
			children = (
				784A7F971CD8E14B00BC011B /* LPSegmentView */,
			);
			path = Sections;
			sourceTree = "<group>";
		};
		784A7F971CD8E14B00BC011B /* LPSegmentView */ = {
			isa = PBXGroup;
			children = (
				784A7F981CD8E1FF00BC011B /* LPSegmentView.h */,
				784A7F991CD8E1FF00BC011B /* LPSegmentView.m */,
			);
			path = LPSegmentView;
			sourceTree = "<group>";
		};
/* End PBXGroup section */

/* Begin PBXNativeTarget section */
		784A7F5D1CD8DC7200BC011B /* LPSegmentDemo */ = {
			isa = PBXNativeTarget;
			buildConfigurationList = 784A7F8B1CD8DC7200BC011B /* Build configuration list for PBXNativeTarget "LPSegmentDemo" */;
			buildPhases = (
				784A7F5A1CD8DC7200BC011B /* Sources */,
				784A7F5B1CD8DC7200BC011B /* Frameworks */,
				784A7F5C1CD8DC7200BC011B /* Resources */,
			);
			buildRules = (
			);
			dependencies = (
			);
			name = LPSegmentDemo;
			productName = LPSegmentDemo;
			productReference = 784A7F5E1CD8DC7200BC011B /* LPSegmentDemo.app */;
			productType = "com.apple.product-type.application";
		};
		784A7F761CD8DC7200BC011B /* LPSegmentDemoTests */ = {
			isa = PBXNativeTarget;
			buildConfigurationList = 784A7F8E1CD8DC7200BC011B /* Build configuration list for PBXNativeTarget "LPSegmentDemoTests" */;
			buildPhases = (
				784A7F731CD8DC7200BC011B /* Sources */,
				784A7F741CD8DC7200BC011B /* Frameworks */,
				784A7F751CD8DC7200BC011B /* Resources */,
			);
			buildRules = (
			);
			dependencies = (
				784A7F791CD8DC7200BC011B /* PBXTargetDependency */,
			);
			name = LPSegmentDemoTests;
			productName = LPSegmentDemoTests;
			productReference = 784A7F771CD8DC7200BC011B /* LPSegmentDemoTests.xctest */;
			productType = "com.apple.product-type.bundle.unit-test";
		};
		784A7F811CD8DC7200BC011B /* LPSegmentDemoUITests */ = {
			isa = PBXNativeTarget;
			buildConfigurationList = 784A7F911CD8DC7200BC011B /* Build configuration list for PBXNativeTarget "LPSegmentDemoUITests" */;
			buildPhases = (
				784A7F7E1CD8DC7200BC011B /* Sources */,
				784A7F7F1CD8DC7200BC011B /* Frameworks */,
				784A7F801CD8DC7200BC011B /* Resources */,
			);
			buildRules = (
			);
			dependencies = (
				784A7F841CD8DC7200BC011B /* PBXTargetDependency */,
			);
			name = LPSegmentDemoUITests;
			productName = LPSegmentDemoUITests;
			productReference = 784A7F821CD8DC7200BC011B /* LPSegmentDemoUITests.xctest */;
			productType = "com.apple.product-type.bundle.ui-testing";
		};
/* End PBXNativeTarget section */

/* Begin PBXProject section */
		784A7F561CD8DC7200BC011B /* Project object */ = {
			isa = PBXProject;
			attributes = {
				LastUpgradeCheck = 0730;
				ORGANIZATIONNAME = anonymous;
				TargetAttributes = {
					784A7F5D1CD8DC7200BC011B = {
						CreatedOnToolsVersion = 7.3;
					};
					784A7F761CD8DC7200BC011B = {
						CreatedOnToolsVersion = 7.3;
						TestTargetID = 784A7F5D1CD8DC7200BC011B;
					};
					784A7F811CD8DC7200BC011B = {
						CreatedOnToolsVersion = 7.3;
						TestTargetID = 784A7F5D1CD8DC7200BC011B;
					};
				};
			};
			buildConfigurationList = 784A7F591CD8DC7200BC011B /* Build configuration list for PBXProject "LPSegmentDemo" */;
			compatibilityVersion = "Xcode 3.2";
			developmentRegion = English;
			hasScannedForEncodings = 0;
			knownRegions = (
				en,
				Base,
			);
			mainGroup = 784A7F551CD8DC7200BC011B;
			productRefGroup = 784A7F5F1CD8DC7200BC011B /* Products */;
			projectDirPath = "";
			projectRoot = "";
			targets = (
				784A7F5D1CD8DC7200BC011B /* LPSegmentDemo */,
				784A7F761CD8DC7200BC011B /* LPSegmentDemoTests */,
				784A7F811CD8DC7200BC011B /* LPSegmentDemoUITests */,
			);
		};
/* End PBXProject section */

/* Begin PBXResourcesBuildPhase section */
		784A7F5C1CD8DC7200BC011B /* Resources */ = {
			isa = PBXResourcesBuildPhase;
			buildActionMask = 2147483647;
			files = (
				784A7F711CD8DC7200BC011B /* LaunchScreen.storyboard in Resources */,
				784A7F6E1CD8DC7200BC011B /* Assets.xcassets in Resources */,
				784A7F6C1CD8DC7200BC011B /* Main.storyboard in Resources */,
			);
			runOnlyForDeploymentPostprocessing = 0;
		};
		784A7F751CD8DC7200BC011B /* Resources */ = {
			isa = PBXResourcesBuildPhase;
			buildActionMask = 2147483647;
			files = (
			);
			runOnlyForDeploymentPostprocessing = 0;
		};
		784A7F801CD8DC7200BC011B /* Resources */ = {
			isa = PBXResourcesBuildPhase;
			buildActionMask = 2147483647;
			files = (
			);
			runOnlyForDeploymentPostprocessing = 0;
		};
/* End PBXResourcesBuildPhase section */

/* Begin PBXSourcesBuildPhase section */
		784A7F5A1CD8DC7200BC011B /* Sources */ = {
			isa = PBXSourcesBuildPhase;
			buildActionMask = 2147483647;
			files = (
				784A7F9A1CD8E1FF00BC011B /* LPSegmentView.m in Sources */,
				784A7F691CD8DC7200BC011B /* ViewController.m in Sources */,
				784A7F661CD8DC7200BC011B /* AppDelegate.m in Sources */,
				784A7F631CD8DC7200BC011B /* main.m in Sources */,
			);
			runOnlyForDeploymentPostprocessing = 0;
		};
		784A7F731CD8DC7200BC011B /* Sources */ = {
			isa = PBXSourcesBuildPhase;
			buildActionMask = 2147483647;
			files = (
				784A7F7C1CD8DC7200BC011B /* LPSegmentDemoTests.m in Sources */,
			);
			runOnlyForDeploymentPostprocessing = 0;
		};
		784A7F7E1CD8DC7200BC011B /* Sources */ = {
			isa = PBXSourcesBuildPhase;
			buildActionMask = 2147483647;
			files = (
				784A7F871CD8DC7200BC011B /* LPSegmentDemoUITests.m in Sources */,
			);
			runOnlyForDeploymentPostprocessing = 0;
		};
/* End PBXSourcesBuildPhase section */

/* Begin PBXTargetDependency section */
		784A7F791CD8DC7200BC011B /* PBXTargetDependency */ = {
			isa = PBXTargetDependency;
			target = 784A7F5D1CD8DC7200BC011B /* LPSegmentDemo */;
			targetProxy = 784A7F781CD8DC7200BC011B /* PBXContainerItemProxy */;
		};
		784A7F841CD8DC7200BC011B /* PBXTargetDependency */ = {
			isa = PBXTargetDependency;
			target = 784A7F5D1CD8DC7200BC011B /* LPSegmentDemo */;
			targetProxy = 784A7F831CD8DC7200BC011B /* PBXContainerItemProxy */;
		};
/* End PBXTargetDependency section */

/* Begin PBXVariantGroup section */
		784A7F6A1CD8DC7200BC011B /* Main.storyboard */ = {
			isa = PBXVariantGroup;
			children = (
				784A7F6B1CD8DC7200BC011B /* Base */,
			);
			name = Main.storyboard;
			sourceTree = "<group>";
		};
		784A7F6F1CD8DC7200BC011B /* LaunchScreen.storyboard */ = {
			isa = PBXVariantGroup;
			children = (
				784A7F701CD8DC7200BC011B /* Base */,
			);
			name = LaunchScreen.storyboard;
			sourceTree = "<group>";
		};
/* End PBXVariantGroup section */

/* Begin XCBuildConfiguration section */
		784A7F891CD8DC7200BC011B /* Debug */ = {
			isa = XCBuildConfiguration;
			buildSettings = {
				ALWAYS_SEARCH_USER_PATHS = NO;
				CLANG_ANALYZER_NONNULL = YES;
				CLANG_CXX_LANGUAGE_STANDARD = "gnu++0x";
				CLANG_CXX_LIBRARY = "libc++";
				CLANG_ENABLE_MODULES = YES;
				CLANG_ENABLE_OBJC_ARC = YES;
				CLANG_WARN_BOOL_CONVERSION = YES;
				CLANG_WARN_CONSTANT_CONVERSION = YES;
				CLANG_WARN_DIRECT_OBJC_ISA_USAGE = YES_ERROR;
				CLANG_WARN_EMPTY_BODY = YES;
				CLANG_WARN_ENUM_CONVERSION = YES;
				CLANG_WARN_INT_CONVERSION = YES;
				CLANG_WARN_OBJC_ROOT_CLASS = YES_ERROR;
				CLANG_WARN_UNREACHABLE_CODE = YES;
				CLANG_WARN__DUPLICATE_METHOD_MATCH = YES;
				"CODE_SIGN_IDENTITY[sdk=iphoneos*]" = "iPhone Developer";
				COPY_PHASE_STRIP = NO;
				DEBUG_INFORMATION_FORMAT = dwarf;
				ENABLE_STRICT_OBJC_MSGSEND = YES;
				ENABLE_TESTABILITY = YES;
				GCC_C_LANGUAGE_STANDARD = gnu99;
				GCC_DYNAMIC_NO_PIC = NO;
				GCC_NO_COMMON_BLOCKS = YES;
				GCC_OPTIMIZATION_LEVEL = 0;
				GCC_PREPROCESSOR_DEFINITIONS = (
					"DEBUG=1",
					"$(inherited)",
				);
				GCC_WARN_64_TO_32_BIT_CONVERSION = YES;
				GCC_WARN_ABOUT_RETURN_TYPE = YES_ERROR;
				GCC_WARN_UNDECLARED_SELECTOR = YES;
				GCC_WARN_UNINITIALIZED_AUTOS = YES_AGGRESSIVE;
				GCC_WARN_UNUSED_FUNCTION = YES;
				GCC_WARN_UNUSED_VARIABLE = YES;
				IPHONEOS_DEPLOYMENT_TARGET = 9.3;
				MTL_ENABLE_DEBUG_INFO = YES;
				ONLY_ACTIVE_ARCH = YES;
				SDKROOT = iphoneos;
			};
			name = Debug;
		};
		784A7F8A1CD8DC7200BC011B /* Release */ = {
			isa = XCBuildConfiguration;
			buildSettings = {
				ALWAYS_SEARCH_USER_PATHS = NO;
				CLANG_ANALYZER_NONNULL = YES;
				CLANG_CXX_LANGUAGE_STANDARD = "gnu++0x";
				CLANG_CXX_LIBRARY = "libc++";
				CLANG_ENABLE_MODULES = YES;
				CLANG_ENABLE_OBJC_ARC = YES;
				CLANG_WARN_BOOL_CONVERSION = YES;
				CLANG_WARN_CONSTANT_CONVERSION = YES;
				CLANG_WARN_DIRECT_OBJC_ISA_USAGE = YES_ERROR;
				CLANG_WARN_EMPTY_BODY = YES;
				CLANG_WARN_ENUM_CONVERSION = YES;
				CLANG_WARN_INT_CONVERSION = YES;
				CLANG_WARN_OBJC_ROOT_CLASS = YES_ERROR;
				CLANG_WARN_UNREACHABLE_CODE = YES;
				CLANG_WARN__DUPLICATE_METHOD_MATCH = YES;
				"CODE_SIGN_IDENTITY[sdk=iphoneos*]" = "iPhone Developer";
				COPY_PHASE_STRIP = NO;
				DEBUG_INFORMATION_FORMAT = "dwarf-with-dsym";
				ENABLE_NS_ASSERTIONS = NO;
				ENABLE_STRICT_OBJC_MSGSEND = YES;
				GCC_C_LANGUAGE_STANDARD = gnu99;
				GCC_NO_COMMON_BLOCKS = YES;
				GCC_WARN_64_TO_32_BIT_CONVERSION = YES;
				GCC_WARN_ABOUT_RETURN_TYPE = YES_ERROR;
				GCC_WARN_UNDECLARED_SELECTOR = YES;
				GCC_WARN_UNINITIALIZED_AUTOS = YES_AGGRESSIVE;
				GCC_WARN_UNUSED_FUNCTION = YES;
				GCC_WARN_UNUSED_VARIABLE = YES;
				IPHONEOS_DEPLOYMENT_TARGET = 9.3;
				MTL_ENABLE_DEBUG_INFO = NO;
				SDKROOT = iphoneos;
				VALIDATE_PRODUCT = YES;
			};
			name = Release;
		};
		784A7F8C1CD8DC7200BC011B /* Debug */ = {
			isa = XCBuildConfiguration;
			buildSettings = {
				ASSETCATALOG_COMPILER_APPICON_NAME = AppIcon;
				ASSETCATALOG_COMPILER_LAUNCHIMAGE_NAME = "Brand Assets";
				INFOPLIST_FILE = LPSegmentDemo/Info.plist;
				IPHONEOS_DEPLOYMENT_TARGET = 7.0;
				LD_RUNPATH_SEARCH_PATHS = "$(inherited) @executable_path/Frameworks";
				PRODUCT_BUNDLE_IDENTIFIER = com.eizoios.LPSegmentDemo;
				PRODUCT_NAME = "$(TARGET_NAME)";
			};
			name = Debug;
		};
		784A7F8D1CD8DC7200BC011B /* Release */ = {
			isa = XCBuildConfiguration;
			buildSettings = {
				ASSETCATALOG_COMPILER_APPICON_NAME = AppIcon;
				ASSETCATALOG_COMPILER_LAUNCHIMAGE_NAME = "Brand Assets";
				INFOPLIST_FILE = LPSegmentDemo/Info.plist;
				IPHONEOS_DEPLOYMENT_TARGET = 7.0;
				LD_RUNPATH_SEARCH_PATHS = "$(inherited) @executable_path/Frameworks";
				PRODUCT_BUNDLE_IDENTIFIER = com.eizoios.LPSegmentDemo;
				PRODUCT_NAME = "$(TARGET_NAME)";
			};
			name = Release;
		};
		784A7F8F1CD8DC7200BC011B /* Debug */ = {
			isa = XCBuildConfiguration;
			buildSettings = {
				BUNDLE_LOADER = "$(TEST_HOST)";
				INFOPLIST_FILE = LPSegmentDemoTests/Info.plist;
				LD_RUNPATH_SEARCH_PATHS = "$(inherited) @executable_path/Frameworks @loader_path/Frameworks";
				PRODUCT_BUNDLE_IDENTIFIER = LP.LPSegmentDemoTests;
				PRODUCT_NAME = "$(TARGET_NAME)";
				TEST_HOST = "$(BUILT_PRODUCTS_DIR)/LPSegmentDemo.app/LPSegmentDemo";
			};
			name = Debug;
		};
		784A7F901CD8DC7200BC011B /* Release */ = {
			isa = XCBuildConfiguration;
			buildSettings = {
				BUNDLE_LOADER = "$(TEST_HOST)";
				INFOPLIST_FILE = LPSegmentDemoTests/Info.plist;
				LD_RUNPATH_SEARCH_PATHS = "$(inherited) @executable_path/Frameworks @loader_path/Frameworks";
				PRODUCT_BUNDLE_IDENTIFIER = LP.LPSegmentDemoTests;
				PRODUCT_NAME = "$(TARGET_NAME)";
				TEST_HOST = "$(BUILT_PRODUCTS_DIR)/LPSegmentDemo.app/LPSegmentDemo";
			};
			name = Release;
		};
		784A7F921CD8DC7200BC011B /* Debug */ = {
			isa = XCBuildConfiguration;
			buildSettings = {
				INFOPLIST_FILE = LPSegmentDemoUITests/Info.plist;
				LD_RUNPATH_SEARCH_PATHS = "$(inherited) @executable_path/Frameworks @loader_path/Frameworks";
				PRODUCT_BUNDLE_IDENTIFIER = LP.LPSegmentDemoUITests;
				PRODUCT_NAME = "$(TARGET_NAME)";
				TEST_TARGET_NAME = LPSegmentDemo;
			};
			name = Debug;
		};
		784A7F931CD8DC7200BC011B /* Release */ = {
			isa = XCBuildConfiguration;
			buildSettings = {
				INFOPLIST_FILE = LPSegmentDemoUITests/Info.plist;
				LD_RUNPATH_SEARCH_PATHS = "$(inherited) @executable_path/Frameworks @loader_path/Frameworks";
				PRODUCT_BUNDLE_IDENTIFIER = LP.LPSegmentDemoUITests;
				PRODUCT_NAME = "$(TARGET_NAME)";
				TEST_TARGET_NAME = LPSegmentDemo;
			};
			name = Release;
		};
/* End XCBuildConfiguration section */

/* Begin XCConfigurationList section */
		784A7F591CD8DC7200BC011B /* Build configuration list for PBXProject "LPSegmentDemo" */ = {
			isa = XCConfigurationList;
			buildConfigurations = (
				784A7F891CD8DC7200BC011B /* Debug */,
				784A7F8A1CD8DC7200BC011B /* Release */,
			);
			defaultConfigurationIsVisible = 0;
			defaultConfigurationName = Release;
		};
		784A7F8B1CD8DC7200BC011B /* Build configuration list for PBXNativeTarget "LPSegmentDemo" */ = {
			isa = XCConfigurationList;
			buildConfigurations = (
				784A7F8C1CD8DC7200BC011B /* Debug */,
				784A7F8D1CD8DC7200BC011B /* Release */,
			);
			defaultConfigurationIsVisible = 0;
		};
		784A7F8E1CD8DC7200BC011B /* Build configuration list for PBXNativeTarget "LPSegmentDemoTests" */ = {
			isa = XCConfigurationList;
			buildConfigurations = (
				784A7F8F1CD8DC7200BC011B /* Debug */,
				784A7F901CD8DC7200BC011B /* Release */,
			);
			defaultConfigurationIsVisible = 0;
		};
		784A7F911CD8DC7200BC011B /* Build configuration list for PBXNativeTarget "LPSegmentDemoUITests" */ = {
			isa = XCConfigurationList;
			buildConfigurations = (
				784A7F921CD8DC7200BC011B /* Debug */,
				784A7F931CD8DC7200BC011B /* Release */,
			);
			defaultConfigurationIsVisible = 0;
		};
/* End XCConfigurationList section */
	};
	rootObject = 784A7F561CD8DC7200BC011B /* Project object */;
}
